
Microsoft Visual Studio Solution File, Format Version 12.00
# Visual Studio Version 16
VisualStudioVersion = 16.0.30114.105
MinimumVisualStudioVersion = 10.0.40219.1
Project("{9A19103F-16F7-4668-BE54-9A1E7A4F7556}") = "R5T.B0007.X0002", "R5T.B0007.X0002\R5T.B0007.X0002.csproj", "{87B8135C-DEBF-48B9-B1E1-A4C381F88B18}"
EndProject
Project("{2150E333-8FDC-42A3-9474-1A3956D46DE8}") = "_Dependencies", "_Dependencies", "{E7A8FAE3-017D-4211-A4F5-D97829F8CFF5}"
EndProject
Project("{9A19103F-16F7-4668-BE54-9A1E7A4F7556}") = "R5T.B0007.X0001", "..\..\R5T.B0007.X0001\source\R5T.B0007.X0001\R5T.B0007.X0001.csproj", "{048D7ADF-EA3A-4884-81B4-144AD436BE29}"
EndProject
Project("{9A19103F-16F7-4668-BE54-9A1E7A4F7556}") = "R5T.B0007", "..\..\R5T.B0007\source\R5T.B0007\R5T.B0007.csproj", "{6D751BE4-D45C-4A3B-86A3-BC1894EE3E42}"
EndProject
Project("{9A19103F-16F7-4668-BE54-9A1E7A4F7556}") = "R5T.T0039.T002", "..\..\R5T.T0039\source\R5T.T0039.T002\R5T.T0039.T002.csproj", "{314B128B-8568-47B1-9304-17F5FC00CCC0}"
EndProject
Project("{9A19103F-16F7-4668-BE54-9A1E7A4F7556}") = "R5T.X0005", "..\..\R5T.X0005\source\R5T.X0005\R5T.X0005.csproj", "{3F1E0FA5-7121-45EA-8009-D125039738E8}"
EndProject
Project("{9A19103F-16F7-4668-BE54-9A1E7A4F7556}") = "R5T.F0003", "..\..\R5T.F0003\source\R5T.F0003\R5T.F0003.csproj", "{9E309D7A-CADE-441A-9DF3-AC178FA8CDE4}"
EndProject
Project("{9A19103F-16F7-4668-BE54-9A1E7A4F7556}") = "R5T.L0011", "..\..\R5T.L0011\source\R5T.L0011\R5T.L0011.csproj", "{A93EDB63-CA95-4C46-AF7C-AE341BB66A8B}"
EndProject
Project("{9A19103F-16F7-4668-BE54-9A1E7A4F7556}") = "R5T.T0132", "..\..\R5T.T0132\source\R5T.T0132\R5T.T0132.csproj", "{8F9E6EF6-CF63-4F54-854A-21DB12A7FCB0}"
EndProject
Project("{9A19103F-16F7-4668-BE54-9A1E7A4F7556}") = "R5T.Magyar", "..\..\R5T.Magyar\source\R5T.Magyar\R5T.Magyar.csproj", "{F3A192CA-3411-485C-9486-C1958D9D3ED3}"
EndProject
Project("{9A19103F-16F7-4668-BE54-9A1E7A4F7556}") = "R5T.B0006.X0001", "..\..\R5T.B0006.X0001\source\R5T.B0006.X0001\R5T.B0006.X0001.csproj", "{9829A3F6-6B33-4BDF-8F93-C9EE020DF4F5}"
EndProject
Project("{9A19103F-16F7-4668-BE54-9A1E7A4F7556}") = "R5T.B0006", "..\..\R5T.B0006\source\R5T.B0006\R5T.B0006.csproj", "{B717BF44-5671-42D4-9069-11780468370F}"
EndProject
Project("{9A19103F-16F7-4668-BE54-9A1E7A4F7556}") = "R5T.F0004", "..\..\R5T.F0004\source\R5T.F0004\R5T.F0004.csproj", "{5EAB2316-216C-4129-8CD5-FE8CFAE9C879}"
EndProject
Project("{9A19103F-16F7-4668-BE54-9A1E7A4F7556}") = "R5T.Z0000", "..\..\R5T.Z0000\source\R5T.Z0000\R5T.Z0000.csproj", "{DF2D1C6D-E066-4683-A87C-F1803B379C50}"
EndProject
Project("{9A19103F-16F7-4668-BE54-9A1E7A4F7556}") = "R5T.T0131", "..\..\R5T.T0131\source\R5T.T0131\R5T.T0131.csproj", "{155F7B0A-C462-4BED-99D8-A3055658F2E4}"
EndProject
Global
	GlobalSection(SolutionConfigurationPlatforms) = preSolution
		Debug|Any CPU = Debug|Any CPU
		Debug|x64 = Debug|x64
		Debug|x86 = Debug|x86
		Release|Any CPU = Release|Any CPU
		Release|x64 = Release|x64
		Release|x86 = Release|x86
	EndGlobalSection
	GlobalSection(ProjectConfigurationPlatforms) = postSolution
		{87B8135C-DEBF-48B9-B1E1-A4C381F88B18}.Debug|Any CPU.ActiveCfg = Debug|Any CPU
		{87B8135C-DEBF-48B9-B1E1-A4C381F88B18}.Debug|Any CPU.Build.0 = Debug|Any CPU
		{87B8135C-DEBF-48B9-B1E1-A4C381F88B18}.Debug|x64.ActiveCfg = Debug|Any CPU
		{87B8135C-DEBF-48B9-B1E1-A4C381F88B18}.Debug|x64.Build.0 = Debug|Any CPU
		{87B8135C-DEBF-48B9-B1E1-A4C381F88B18}.Debug|x86.ActiveCfg = Debug|Any CPU
		{87B8135C-DEBF-48B9-B1E1-A4C381F88B18}.Debug|x86.Build.0 = Debug|Any CPU
		{87B8135C-DEBF-48B9-B1E1-A4C381F88B18}.Release|Any CPU.ActiveCfg = Release|Any CPU
		{87B8135C-DEBF-48B9-B1E1-A4C381F88B18}.Release|Any CPU.Build.0 = Release|Any CPU
		{87B8135C-DEBF-48B9-B1E1-A4C381F88B18}.Release|x64.ActiveCfg = Release|Any CPU
		{87B8135C-DEBF-48B9-B1E1-A4C381F88B18}.Release|x64.Build.0 = Release|Any CPU
		{87B8135C-DEBF-48B9-B1E1-A4C381F88B18}.Release|x86.ActiveCfg = Release|Any CPU
		{87B8135C-DEBF-48B9-B1E1-A4C381F88B18}.Release|x86.Build.0 = Release|Any CPU
		{048D7ADF-EA3A-4884-81B4-144AD436BE29}.Debug|Any CPU.ActiveCfg = Debug|Any CPU
		{048D7ADF-EA3A-4884-81B4-144AD436BE29}.Debug|Any CPU.Build.0 = Debug|Any CPU
		{048D7ADF-EA3A-4884-81B4-144AD436BE29}.Debug|x64.ActiveCfg = Debug|Any CPU
		{048D7ADF-EA3A-4884-81B4-144AD436BE29}.Debug|x64.Build.0 = Debug|Any CPU
		{048D7ADF-EA3A-4884-81B4-144AD436BE29}.Debug|x86.ActiveCfg = Debug|Any CPU
		{048D7ADF-EA3A-4884-81B4-144AD436BE29}.Debug|x86.Build.0 = Debug|Any CPU
		{048D7ADF-EA3A-4884-81B4-144AD436BE29}.Release|Any CPU.ActiveCfg = Release|Any CPU
		{048D7ADF-EA3A-4884-81B4-144AD436BE29}.Release|Any CPU.Build.0 = Release|Any CPU
		{048D7ADF-EA3A-4884-81B4-144AD436BE29}.Release|x64.ActiveCfg = Release|Any CPU
		{048D7ADF-EA3A-4884-81B4-144AD436BE29}.Release|x64.Build.0 = Release|Any CPU
		{048D7ADF-EA3A-4884-81B4-144AD436BE29}.Release|x86.ActiveCfg = Release|Any CPU
		{048D7ADF-EA3A-4884-81B4-144AD436BE29}.Release|x86.Build.0 = Release|Any CPU
		{6D751BE4-D45C-4A3B-86A3-BC1894EE3E42}.Debug|Any CPU.ActiveCfg = Debug|Any CPU
		{6D751BE4-D45C-4A3B-86A3-BC1894EE3E42}.Debug|Any CPU.Build.0 = Debug|Any CPU
		{6D751BE4-D45C-4A3B-86A3-BC1894EE3E42}.Debug|x64.ActiveCfg = Debug|Any CPU
		{6D751BE4-D45C-4A3B-86A3-BC1894EE3E42}.Debug|x64.Build.0 = Debug|Any CPU
		{6D751BE4-D45C-4A3B-86A3-BC1894EE3E42}.Debug|x86.ActiveCfg = Debug|Any CPU
		{6D751BE4-D45C-4A3B-86A3-BC1894EE3E42}.Debug|x86.Build.0 = Debug|Any CPU
		{6D751BE4-D45C-4A3B-86A3-BC1894EE3E42}.Release|Any CPU.ActiveCfg = Release|Any CPU
		{6D751BE4-D45C-4A3B-86A3-BC1894EE3E42}.Release|Any CPU.Build.0 = Release|Any CPU
		{6D751BE4-D45C-4A3B-86A3-BC1894EE3E42}.Release|x64.ActiveCfg = Release|Any CPU
		{6D751BE4-D45C-4A3B-86A3-BC1894EE3E42}.Release|x64.Build.0 = Release|Any CPU
		{6D751BE4-D45C-4A3B-86A3-BC1894EE3E42}.Release|x86.ActiveCfg = Release|Any CPU
		{6D751BE4-D45C-4A3B-86A3-BC1894EE3E42}.Release|x86.Build.0 = Release|Any CPU
		{314B128B-8568-47B1-9304-17F5FC00CCC0}.Debug|Any CPU.ActiveCfg = Debug|Any CPU
		{314B128B-8568-47B1-9304-17F5FC00CCC0}.Debug|Any CPU.Build.0 = Debug|Any CPU
		{314B128B-8568-47B1-9304-17F5FC00CCC0}.Debug|x64.ActiveCfg = Debug|Any CPU
		{314B128B-8568-47B1-9304-17F5FC00CCC0}.Debug|x64.Build.0 = Debug|Any CPU
		{314B128B-8568-47B1-9304-17F5FC00CCC0}.Debug|x86.ActiveCfg = Debug|Any CPU
		{314B128B-8568-47B1-9304-17F5FC00CCC0}.Debug|x86.Build.0 = Debug|Any CPU
		{314B128B-8568-47B1-9304-17F5FC00CCC0}.Release|Any CPU.ActiveCfg = Release|Any CPU
		{314B128B-8568-47B1-9304-17F5FC00CCC0}.Release|Any CPU.Build.0 = Release|Any CPU
		{314B128B-8568-47B1-9304-17F5FC00CCC0}.Release|x64.ActiveCfg = Release|Any CPU
		{314B128B-8568-47B1-9304-17F5FC00CCC0}.Release|x64.Build.0 = Release|Any CPU
		{314B128B-8568-47B1-9304-17F5FC00CCC0}.Release|x86.ActiveCfg = Release|Any CPU
		{314B128B-8568-47B1-9304-17F5FC00CCC0}.Release|x86.Build.0 = Release|Any CPU
		{3F1E0FA5-7121-45EA-8009-D125039738E8}.Debug|Any CPU.ActiveCfg = Debug|Any CPU
		{3F1E0FA5-7121-45EA-8009-D125039738E8}.Debug|Any CPU.Build.0 = Debug|Any CPU
		{3F1E0FA5-7121-45EA-8009-D125039738E8}.Debug|x64.ActiveCfg = Debug|Any CPU
		{3F1E0FA5-7121-45EA-8009-D125039738E8}.Debug|x64.Build.0 = Debug|Any CPU
		{3F1E0FA5-7121-45EA-8009-D125039738E8}.Debug|x86.ActiveCfg = Debug|Any CPU
		{3F1E0FA5-7121-45EA-8009-D125039738E8}.Debug|x86.Build.0 = Debug|Any CPU
		{3F1E0FA5-7121-45EA-8009-D125039738E8}.Release|Any CPU.ActiveCfg = Release|Any CPU
		{3F1E0FA5-7121-45EA-8009-D125039738E8}.Release|Any CPU.Build.0 = Release|Any CPU
		{3F1E0FA5-7121-45EA-8009-D125039738E8}.Release|x64.ActiveCfg = Release|Any CPU
		{3F1E0FA5-7121-45EA-8009-D125039738E8}.Release|x64.Build.0 = Release|Any CPU
		{3F1E0FA5-7121-45EA-8009-D125039738E8}.Release|x86.ActiveCfg = Release|Any CPU
		{3F1E0FA5-7121-45EA-8009-D125039738E8}.Release|x86.Build.0 = Release|Any CPU
		{9E309D7A-CADE-441A-9DF3-AC178FA8CDE4}.Debug|Any CPU.ActiveCfg = Debug|Any CPU
		{9E309D7A-CADE-441A-9DF3-AC178FA8CDE4}.Debug|Any CPU.Build.0 = Debug|Any CPU
		{9E309D7A-CADE-441A-9DF3-AC178FA8CDE4}.Debug|x64.ActiveCfg = Debug|Any CPU
		{9E309D7A-CADE-441A-9DF3-AC178FA8CDE4}.Debug|x64.Build.0 = Debug|Any CPU
		{9E309D7A-CADE-441A-9DF3-AC178FA8CDE4}.Debug|x86.ActiveCfg = Debug|Any CPU
		{9E309D7A-CADE-441A-9DF3-AC178FA8CDE4}.Debug|x86.Build.0 = Debug|Any CPU
		{9E309D7A-CADE-441A-9DF3-AC178FA8CDE4}.Release|Any CPU.ActiveCfg = Release|Any CPU
		{9E309D7A-CADE-441A-9DF3-AC178FA8CDE4}.Release|Any CPU.Build.0 = Release|Any CPU
		{9E309D7A-CADE-441A-9DF3-AC178FA8CDE4}.Release|x64.ActiveCfg = Release|Any CPU
		{9E309D7A-CADE-441A-9DF3-AC178FA8CDE4}.Release|x64.Build.0 = Release|Any CPU
		{9E309D7A-CADE-441A-9DF3-AC178FA8CDE4}.Release|x86.ActiveCfg = Release|Any CPU
		{9E309D7A-CADE-441A-9DF3-AC178FA8CDE4}.Release|x86.Build.0 = Release|Any CPU
		{A93EDB63-CA95-4C46-AF7C-AE341BB66A8B}.Debug|Any CPU.ActiveCfg = Debug|Any CPU
		{A93EDB63-CA95-4C46-AF7C-AE341BB66A8B}.Debug|Any CPU.Build.0 = Debug|Any CPU
		{A93EDB63-CA95-4C46-AF7C-AE341BB66A8B}.Debug|x64.ActiveCfg = Debug|Any CPU
		{A93EDB63-CA95-4C46-AF7C-AE341BB66A8B}.Debug|x64.Build.0 = Debug|Any CPU
		{A93EDB63-CA95-4C46-AF7C-AE341BB66A8B}.Debug|x86.ActiveCfg = Debug|Any CPU
		{A93EDB63-CA95-4C46-AF7C-AE341BB66A8B}.Debug|x86.Build.0 = Debug|Any CPU
		{A93EDB63-CA95-4C46-AF7C-AE341BB66A8B}.Release|Any CPU.ActiveCfg = Release|Any CPU
		{A93EDB63-CA95-4C46-AF7C-AE341BB66A8B}.Release|Any CPU.Build.0 = Release|Any CPU
		{A93EDB63-CA95-4C46-AF7C-AE341BB66A8B}.Release|x64.ActiveCfg = Release|Any CPU
		{A93EDB63-CA95-4C46-AF7C-AE341BB66A8B}.Release|x64.Build.0 = Release|Any CPU
		{A93EDB63-CA95-4C46-AF7C-AE341BB66A8B}.Release|x86.ActiveCfg = Release|Any CPU
		{A93EDB63-CA95-4C46-AF7C-AE341BB66A8B}.Release|x86.Build.0 = Release|Any CPU
		{8F9E6EF6-CF63-4F54-854A-21DB12A7FCB0}.Debug|Any CPU.ActiveCfg = Debug|Any CPU
		{8F9E6EF6-CF63-4F54-854A-21DB12A7FCB0}.Debug|Any CPU.Build.0 = Debug|Any CPU
		{8F9E6EF6-CF63-4F54-854A-21DB12A7FCB0}.Debug|x64.ActiveCfg = Debug|Any CPU
		{8F9E6EF6-CF63-4F54-854A-21DB12A7FCB0}.Debug|x64.Build.0 = Debug|Any CPU
		{8F9E6EF6-CF63-4F54-854A-21DB12A7FCB0}.Debug|x86.ActiveCfg = Debug|Any CPU
		{8F9E6EF6-CF63-4F54-854A-21DB12A7FCB0}.Debug|x86.Build.0 = Debug|Any CPU
		{8F9E6EF6-CF63-4F54-854A-21DB12A7FCB0}.Release|Any CPU.ActiveCfg = Release|Any CPU
		{8F9E6EF6-CF63-4F54-854A-21DB12A7FCB0}.Release|Any CPU.Build.0 = Release|Any CPU
		{8F9E6EF6-CF63-4F54-854A-21DB12A7FCB0}.Release|x64.ActiveCfg = Release|Any CPU
		{8F9E6EF6-CF63-4F54-854A-21DB12A7FCB0}.Release|x64.Build.0 = Release|Any CPU
		{8F9E6EF6-CF63-4F54-854A-21DB12A7FCB0}.Release|x86.ActiveCfg = Release|Any CPU
		{8F9E6EF6-CF63-4F54-854A-21DB12A7FCB0}.Release|x86.Build.0 = Release|Any CPU
		{F3A192CA-3411-485C-9486-C1958D9D3ED3}.Debug|Any CPU.ActiveCfg = Debug|Any CPU
		{F3A192CA-3411-485C-9486-C1958D9D3ED3}.Debug|Any CPU.Build.0 = Debug|Any CPU
		{F3A192CA-3411-485C-9486-C1958D9D3ED3}.Debug|x64.ActiveCfg = Debug|Any CPU
		{F3A192CA-3411-485C-9486-C1958D9D3ED3}.Debug|x64.Build.0 = Debug|Any CPU
		{F3A192CA-3411-485C-9486-C1958D9D3ED3}.Debug|x86.ActiveCfg = Debug|Any CPU
		{F3A192CA-3411-485C-9486-C1958D9D3ED3}.Debug|x86.Build.0 = Debug|Any CPU
		{F3A192CA-3411-485C-9486-C1958D9D3ED3}.Release|Any CPU.ActiveCfg = Release|Any CPU
		{F3A192CA-3411-485C-9486-C1958D9D3ED3}.Release|Any CPU.Build.0 = Release|Any CPU
		{F3A192CA-3411-485C-9486-C1958D9D3ED3}.Release|x64.ActiveCfg = Release|Any CPU
		{F3A192CA-3411-485C-9486-C1958D9D3ED3}.Release|x64.Build.0 = Release|Any CPU
		{F3A192CA-3411-485C-9486-C1958D9D3ED3}.Release|x86.ActiveCfg = Release|Any CPU
		{F3A192CA-3411-485C-9486-C1958D9D3ED3}.Release|x86.Build.0 = Release|Any CPU
		{9829A3F6-6B33-4BDF-8F93-C9EE020DF4F5}.Debug|Any CPU.ActiveCfg = Debug|Any CPU
		{9829A3F6-6B33-4BDF-8F93-C9EE020DF4F5}.Debug|Any CPU.Build.0 = Debug|Any CPU
		{9829A3F6-6B33-4BDF-8F93-C9EE020DF4F5}.Debug|x64.ActiveCfg = Debug|Any CPU
		{9829A3F6-6B33-4BDF-8F93-C9EE020DF4F5}.Debug|x64.Build.0 = Debug|Any CPU
		{9829A3F6-6B33-4BDF-8F93-C9EE020DF4F5}.Debug|x86.ActiveCfg = Debug|Any CPU
		{9829A3F6-6B33-4BDF-8F93-C9EE020DF4F5}.Debug|x86.Build.0 = Debug|Any CPU
		{9829A3F6-6B33-4BDF-8F93-C9EE020DF4F5}.Release|Any CPU.ActiveCfg = Release|Any CPU
		{9829A3F6-6B33-4BDF-8F93-C9EE020DF4F5}.Release|Any CPU.Build.0 = Release|Any CPU
		{9829A3F6-6B33-4BDF-8F93-C9EE020DF4F5}.Release|x64.ActiveCfg = Release|Any CPU
		{9829A3F6-6B33-4BDF-8F93-C9EE020DF4F5}.Release|x64.Build.0 = Release|Any CPU
		{9829A3F6-6B33-4BDF-8F93-C9EE020DF4F5}.Release|x86.ActiveCfg = Release|Any CPU
		{9829A3F6-6B33-4BDF-8F93-C9EE020DF4F5}.Release|x86.Build.0 = Release|Any CPU
		{B717BF44-5671-42D4-9069-11780468370F}.Debug|Any CPU.ActiveCfg = Debug|Any CPU
		{B717BF44-5671-42D4-9069-11780468370F}.Debug|Any CPU.Build.0 = Debug|Any CPU
		{B717BF44-5671-42D4-9069-11780468370F}.Debug|x64.ActiveCfg = Debug|Any CPU
		{B717BF44-5671-42D4-9069-11780468370F}.Debug|x64.Build.0 = Debug|Any CPU
		{B717BF44-5671-42D4-9069-11780468370F}.Debug|x86.ActiveCfg = Debug|Any CPU
		{B717BF44-5671-42D4-9069-11780468370F}.Debug|x86.Build.0 = Debug|Any CPU
		{B717BF44-5671-42D4-9069-11780468370F}.Release|Any CPU.ActiveCfg = Release|Any CPU
		{B717BF44-5671-42D4-9069-11780468370F}.Release|Any CPU.Build.0 = Release|Any CPU
		{B717BF44-5671-42D4-9069-11780468370F}.Release|x64.ActiveCfg = Release|Any CPU
		{B717BF44-5671-42D4-9069-11780468370F}.Release|x64.Build.0 = Release|Any CPU
		{B717BF44-5671-42D4-9069-11780468370F}.Release|x86.ActiveCfg = Release|Any CPU
		{B717BF44-5671-42D4-9069-11780468370F}.Release|x86.Build.0 = Release|Any CPU
		{5EAB2316-216C-4129-8CD5-FE8CFAE9C879}.Debug|Any CPU.ActiveCfg = Debug|Any CPU
		{5EAB2316-216C-4129-8CD5-FE8CFAE9C879}.Debug|Any CPU.Build.0 = Debug|Any CPU
		{5EAB2316-216C-4129-8CD5-FE8CFAE9C879}.Debug|x64.ActiveCfg = Debug|Any CPU
		{5EAB2316-216C-4129-8CD5-FE8CFAE9C879}.Debug|x64.Build.0 = Debug|Any CPU
		{5EAB2316-216C-4129-8CD5-FE8CFAE9C879}.Debug|x86.ActiveCfg = Debug|Any CPU
		{5EAB2316-216C-4129-8CD5-FE8CFAE9C879}.Debug|x86.Build.0 = Debug|Any CPU
		{5EAB2316-216C-4129-8CD5-FE8CFAE9C879}.Release|Any CPU.ActiveCfg = Release|Any CPU
		{5EAB2316-216C-4129-8CD5-FE8CFAE9C879}.Release|Any CPU.Build.0 = Release|Any CPU
		{5EAB2316-216C-4129-8CD5-FE8CFAE9C879}.Release|x64.ActiveCfg = Release|Any CPU
		{5EAB2316-216C-4129-8CD5-FE8CFAE9C879}.Release|x64.Build.0 = Release|Any CPU
		{5EAB2316-216C-4129-8CD5-FE8CFAE9C879}.Release|x86.ActiveCfg = Release|Any CPU
		{5EAB2316-216C-4129-8CD5-FE8CFAE9C879}.Release|x86.Build.0 = Release|Any CPU
		{DF2D1C6D-E066-4683-A87C-F1803B379C50}.Debug|Any CPU.ActiveCfg = Debug|Any CPU
		{DF2D1C6D-E066-4683-A87C-F1803B379C50}.Debug|Any CPU.Build.0 = Debug|Any CPU
		{DF2D1C6D-E066-4683-A87C-F1803B379C50}.Debug|x64.ActiveCfg = Debug|Any CPU
		{DF2D1C6D-E066-4683-A87C-F1803B379C50}.Debug|x64.Build.0 = Debug|Any CPU
		{DF2D1C6D-E066-4683-A87C-F1803B379C50}.Debug|x86.ActiveCfg = Debug|Any CPU
		{DF2D1C6D-E066-4683-A87C-F1803B379C50}.Debug|x86.Build.0 = Debug|Any CPU
		{DF2D1C6D-E066-4683-A87C-F1803B379C50}.Release|Any CPU.ActiveCfg = Release|Any CPU
		{DF2D1C6D-E066-4683-A87C-F1803B379C50}.Release|Any CPU.Build.0 = Release|Any CPU
		{DF2D1C6D-E066-4683-A87C-F1803B379C50}.Release|x64.ActiveCfg = Release|Any CPU
		{DF2D1C6D-E066-4683-A87C-F1803B379C50}.Release|x64.Build.0 = Release|Any CPU
		{DF2D1C6D-E066-4683-A87C-F1803B379C50}.Release|x86.ActiveCfg = Release|Any CPU
		{DF2D1C6D-E066-4683-A87C-F1803B379C50}.Release|x86.Build.0 = Release|Any CPU
		{155F7B0A-C462-4BED-99D8-A3055658F2E4}.Debug|Any CPU.ActiveCfg = Debug|Any CPU
		{155F7B0A-C462-4BED-99D8-A3055658F2E4}.Debug|Any CPU.Build.0 = Debug|Any CPU
		{155F7B0A-C462-4BED-99D8-A3055658F2E4}.Debug|x64.ActiveCfg = Debug|Any CPU
		{155F7B0A-C462-4BED-99D8-A3055658F2E4}.Debug|x64.Build.0 = Debug|Any CPU
		{155F7B0A-C462-4BED-99D8-A3055658F2E4}.Debug|x86.ActiveCfg = Debug|Any CPU
		{155F7B0A-C462-4BED-99D8-A3055658F2E4}.Debug|x86.Build.0 = Debug|Any CPU
		{155F7B0A-C462-4BED-99D8-A3055658F2E4}.Release|Any CPU.ActiveCfg = Release|Any CPU
		{155F7B0A-C462-4BED-99D8-A3055658F2E4}.Release|Any CPU.Build.0 = Release|Any CPU
		{155F7B0A-C462-4BED-99D8-A3055658F2E4}.Release|x64.ActiveCfg = Release|Any CPU
		{155F7B0A-C462-4BED-99D8-A3055658F2E4}.Release|x64.Build.0 = Release|Any CPU
		{155F7B0A-C462-4BED-99D8-A3055658F2E4}.Release|x86.ActiveCfg = Release|Any CPU
		{155F7B0A-C462-4BED-99D8-A3055658F2E4}.Release|x86.Build.0 = Release|Any CPU
	EndGlobalSection
	GlobalSection(SolutionProperties) = preSolution
		HideSolutionNode = FALSE
	EndGlobalSection
	GlobalSection(NestedProjects) = preSolution
		{048D7ADF-EA3A-4884-81B4-144AD436BE29} = {E7A8FAE3-017D-4211-A4F5-D97829F8CFF5}
		{6D751BE4-D45C-4A3B-86A3-BC1894EE3E42} = {E7A8FAE3-017D-4211-A4F5-D97829F8CFF5}
		{314B128B-8568-47B1-9304-17F5FC00CCC0} = {E7A8FAE3-017D-4211-A4F5-D97829F8CFF5}
		{3F1E0FA5-7121-45EA-8009-D125039738E8} = {E7A8FAE3-017D-4211-A4F5-D97829F8CFF5}
		{9E309D7A-CADE-441A-9DF3-AC178FA8CDE4} = {E7A8FAE3-017D-4211-A4F5-D97829F8CFF5}
		{A93EDB63-CA95-4C46-AF7C-AE341BB66A8B} = {E7A8FAE3-017D-4211-A4F5-D97829F8CFF5}
		{8F9E6EF6-CF63-4F54-854A-21DB12A7FCB0} = {E7A8FAE3-017D-4211-A4F5-D97829F8CFF5}
		{F3A192CA-3411-485C-9486-C1958D9D3ED3} = {E7A8FAE3-017D-4211-A4F5-D97829F8CFF5}
		{9829A3F6-6B33-4BDF-8F93-C9EE020DF4F5} = {E7A8FAE3-017D-4211-A4F5-D97829F8CFF5}
		{B717BF44-5671-42D4-9069-11780468370F} = {E7A8FAE3-017D-4211-A4F5-D97829F8CFF5}
		{5EAB2316-216C-4129-8CD5-FE8CFAE9C879} = {E7A8FAE3-017D-4211-A4F5-D97829F8CFF5}
		{DF2D1C6D-E066-4683-A87C-F1803B379C50} = {E7A8FAE3-017D-4211-A4F5-D97829F8CFF5}
		{155F7B0A-C462-4BED-99D8-A3055658F2E4} = {E7A8FAE3-017D-4211-A4F5-D97829F8CFF5}
	EndGlobalSection
	GlobalSection(ExtensibilityGlobals) = postSolution
		SolutionGuid = {40D6DB82-AB5D-47DD-835E-0325BFCA5CC7}
	EndGlobalSection
EndGlobal
